
Microsoft Visual Studio Solution File, Format Version 12.00
# Visual Studio Version 16
VisualStudioVersion = 16.0.810.21
MinimumVisualStudioVersion = 10.0.40219.1
Project("{FAE04EC0-301F-11D3-BF4B-00C04F79EFBC}") = "BookStoreCsharp", "BookStoreCsharp\BookStoreCsharp.csproj", "{E9000790-88EB-4045-B512-0FCEBCEE711A}"
EndProject
Project("{FAE04EC0-301F-11D3-BF4B-00C04F79EFBC}") = "BookStoreCsharp", "BookStoreCsharp\BookStoreCsharp.csproj", "{576601C0-AB4C-4F3D-B15C-AB55BBC497F7}"
EndProject
Project("{FAE04EC0-301F-11D3-BF4B-00C04F79EFBC}") = "BONUS", "BONUS\BONUS.csproj", "{08E76B77-2F24-465C-83DA-D5E1F19B85E5}"
EndProject
Global
	GlobalSection(SolutionConfigurationPlatforms) = preSolution
		Debug|Any CPU = Debug|Any CPU
		Release|Any CPU = Release|Any CPU
	EndGlobalSection
	GlobalSection(ProjectConfigurationPlatforms) = postSolution
		{E9000790-88EB-4045-B512-0FCEBCEE711A}.Debug|Any CPU.ActiveCfg = Debug|Any CPU
		{E9000790-88EB-4045-B512-0FCEBCEE711A}.Debug|Any CPU.Build.0 = Debug|Any CPU
		{E9000790-88EB-4045-B512-0FCEBCEE711A}.Release|Any CPU.ActiveCfg = Release|Any CPU
		{E9000790-88EB-4045-B512-0FCEBCEE711A}.Release|Any CPU.Build.0 = Release|Any CPU
		{576601C0-AB4C-4F3D-B15C-AB55BBC497F7}.Debug|Any CPU.ActiveCfg = Debug|Any CPU
		{576601C0-AB4C-4F3D-B15C-AB55BBC497F7}.Debug|Any CPU.Build.0 = Debug|Any CPU
		{576601C0-AB4C-4F3D-B15C-AB55BBC497F7}.Release|Any CPU.ActiveCfg = Release|Any CPU
		{576601C0-AB4C-4F3D-B15C-AB55BBC497F7}.Release|Any CPU.Build.0 = Release|Any CPU
		{08E76B77-2F24-465C-83DA-D5E1F19B85E5}.Debug|Any CPU.ActiveCfg = Debug|Any CPU
		{08E76B77-2F24-465C-83DA-D5E1F19B85E5}.Debug|Any CPU.Build.0 = Debug|Any CPU
		{08E76B77-2F24-465C-83DA-D5E1F19B85E5}.Release|Any CPU.ActiveCfg = Release|Any CPU
		{08E76B77-2F24-465C-83DA-D5E1F19B85E5}.Release|Any CPU.Build.0 = Release|Any CPU
	EndGlobalSection
	GlobalSection(SolutionProperties) = preSolution
		HideSolutionNode = FALSE
	EndGlobalSection
	GlobalSection(ExtensibilityGlobals) = postSolution
		SolutionGuid = {E740495A-CBDC-4FC5-B579-C6F8B95AB302}
	EndGlobalSection
EndGlobal
